# THIS IS AN AUTOGENERATED FILE. DO NOT EDIT THIS FILE DIRECTLY.
# yarn lockfile v1


"@bower_components/flatpickr@chmln/flatpickr#^3.0.7":
  version "3.1.5"
  resolved "https://codeload.github.com/chmln/flatpickr/tar.gz/320f6a01a51762b2a6b70d404c64ffd4243a8ba4"

"@bower_components/jQuery@jquery/jquery#^3.1.1":
  version "3.4.1"
  resolved "https://codeload.github.com/jquery/jquery/tar.gz/75f7e963708b60f37a42b777f35825d33c4f8e7a"
